
Microsoft Visual Studio Solution File, Format Version 12.00
# Visual Studio 2013
VisualStudioVersion = 12.0.21005.1
MinimumVisualStudioVersion = 10.0.40219.1
Project("{FAE04EC0-301F-11D3-BF4B-00C04F79EFBC}") = "QuickRunner.Runner", "runner\QuickRunner.Runner.csproj", "{A8328796-6FCE-45C0-AFF4-EE7A1B53BAC2}"
EndProject
Project("{FAE04EC0-301F-11D3-BF4B-00C04F79EFBC}") = "Slowlenium", "Slowlenium\Slowlenium.csproj", "{4C2FFED6-B518-4A49-9A73-99FCE66529ED}"
EndProject
Project("{FAE04EC0-301F-11D3-BF4B-00C04F79EFBC}") = "QuickRunner.Core", "Core\QuickRunner.Core.csproj", "{BEFB72A8-E906-43A8-A059-B199969F9EE3}"
EndProject
Project("{FAE04EC0-301F-11D3-BF4B-00C04F79EFBC}") = "QuickRunner.CoreSpecs", "Core-Specs\QuickRunner.CoreSpecs.csproj", "{24F8887B-3E38-497F-A70F-C0F2C7142763}"
EndProject
Global
	GlobalSection(SolutionConfigurationPlatforms) = preSolution
		Debug|Any CPU = Debug|Any CPU
		Release|Any CPU = Release|Any CPU
	EndGlobalSection
	GlobalSection(ProjectConfigurationPlatforms) = postSolution
		{A8328796-6FCE-45C0-AFF4-EE7A1B53BAC2}.Debug|Any CPU.ActiveCfg = Debug|Any CPU
		{A8328796-6FCE-45C0-AFF4-EE7A1B53BAC2}.Debug|Any CPU.Build.0 = Debug|Any CPU
		{A8328796-6FCE-45C0-AFF4-EE7A1B53BAC2}.Release|Any CPU.ActiveCfg = Release|Any CPU
		{A8328796-6FCE-45C0-AFF4-EE7A1B53BAC2}.Release|Any CPU.Build.0 = Release|Any CPU
		{4C2FFED6-B518-4A49-9A73-99FCE66529ED}.Debug|Any CPU.ActiveCfg = Debug|Any CPU
		{4C2FFED6-B518-4A49-9A73-99FCE66529ED}.Debug|Any CPU.Build.0 = Debug|Any CPU
		{4C2FFED6-B518-4A49-9A73-99FCE66529ED}.Release|Any CPU.ActiveCfg = Release|Any CPU
		{4C2FFED6-B518-4A49-9A73-99FCE66529ED}.Release|Any CPU.Build.0 = Release|Any CPU
		{BEFB72A8-E906-43A8-A059-B199969F9EE3}.Debug|Any CPU.ActiveCfg = Debug|Any CPU
		{BEFB72A8-E906-43A8-A059-B199969F9EE3}.Debug|Any CPU.Build.0 = Debug|Any CPU
		{BEFB72A8-E906-43A8-A059-B199969F9EE3}.Release|Any CPU.ActiveCfg = Release|Any CPU
		{BEFB72A8-E906-43A8-A059-B199969F9EE3}.Release|Any CPU.Build.0 = Release|Any CPU
		{24F8887B-3E38-497F-A70F-C0F2C7142763}.Debug|Any CPU.ActiveCfg = Debug|Any CPU
		{24F8887B-3E38-497F-A70F-C0F2C7142763}.Debug|Any CPU.Build.0 = Debug|Any CPU
		{24F8887B-3E38-497F-A70F-C0F2C7142763}.Release|Any CPU.ActiveCfg = Release|Any CPU
		{24F8887B-3E38-497F-A70F-C0F2C7142763}.Release|Any CPU.Build.0 = Release|Any CPU
	EndGlobalSection
	GlobalSection(SolutionProperties) = preSolution
		HideSolutionNode = FALSE
	EndGlobalSection
EndGlobal
